
Microsoft Visual Studio Solution File, Format Version 12.00
# Visual Studio Version 16
VisualStudioVersion = 16.0.28803.202
MinimumVisualStudioVersion = 10.0.40219.1
Project("{8BC9CEB8-8B4A-11D0-8D11-00A0C91BC942}") = "Inverse_MethodGaussa", "Inverse_MethodGaussa.vcxproj", "{24171EC7-9A8A-4DD0-885B-05C61FE515CB}"
EndProject
Global
	GlobalSection(SolutionConfigurationPlatforms) = preSolution
		Debug|x64 = Debug|x64
		Debug|x86 = Debug|x86
		Release|x64 = Release|x64
		Release|x86 = Release|x86
	EndGlobalSection
	GlobalSection(ProjectConfigurationPlatforms) = postSolution
		{24171EC7-9A8A-4DD0-885B-05C61FE515CB}.Debug|x64.ActiveCfg = Debug|x64
		{24171EC7-9A8A-4DD0-885B-05C61FE515CB}.Debug|x64.Build.0 = Debug|x64
		{24171EC7-9A8A-4DD0-885B-05C61FE515CB}.Debug|x86.ActiveCfg = Debug|Win32
		{24171EC7-9A8A-4DD0-885B-05C61FE515CB}.Debug|x86.Build.0 = Debug|Win32
		{24171EC7-9A8A-4DD0-885B-05C61FE515CB}.Release|x64.ActiveCfg = Release|x64
		{24171EC7-9A8A-4DD0-885B-05C61FE515CB}.Release|x64.Build.0 = Release|x64
		{24171EC7-9A8A-4DD0-885B-05C61FE515CB}.Release|x86.ActiveCfg = Release|Win32
		{24171EC7-9A8A-4DD0-885B-05C61FE515CB}.Release|x86.Build.0 = Release|Win32
	EndGlobalSection
	GlobalSection(SolutionProperties) = preSolution
		HideSolutionNode = FALSE
	EndGlobalSection
	GlobalSection(ExtensibilityGlobals) = postSolution
		SolutionGuid = {4ACC7927-960F-4EFC-A380-168C6376A1D6}
	EndGlobalSection
EndGlobal
